// !$*UTF8*$!
{
	archiveVersion = 1;
	classes = {
	};
	objectVersion = 46;
	objects = {

/* Begin PBXBuildFile section */
		2A4CD0AF1B2C1EEE00CC6E1B /* AppNavigationBar.swift in Sources */ = {isa = PBXBuildFile; fileRef = 2A4CD0AE1B2C1EEE00CC6E1B /* AppNavigationBar.swift */; };
		2A4CD0B11B2C246B00CC6E1B /* JSON-responses.rtf in Resources */ = {isa = PBXBuildFile; fileRef = 2A4CD0B01B2C246B00CC6E1B /* JSON-responses.rtf */; };
		2A4CD0B31B2C247F00CC6E1B /* Color-specs.txt in Resources */ = {isa = PBXBuildFile; fileRef = 2A4CD0B21B2C247F00CC6E1B /* Color-specs.txt */; };
		2A4CD0B91B2CBEC800CC6E1B /* User.swift in Sources */ = {isa = PBXBuildFile; fileRef = 2A4CD0B81B2CBEC800CC6E1B /* User.swift */; };
		2A5B214D1B2B74B40099EC1C /* Main.storyboard in Resources */ = {isa = PBXBuildFile; fileRef = 2A5B214B1B2B74B40099EC1C /* Main.storyboard */; };
		2A5B214F1B2B74B40099EC1C /* Images.xcassets in Resources */ = {isa = PBXBuildFile; fileRef = 2A5B214E1B2B74B40099EC1C /* Images.xcassets */; };
		2A5B21521B2B74B40099EC1C /* LaunchScreen.xib in Resources */ = {isa = PBXBuildFile; fileRef = 2A5B21501B2B74B40099EC1C /* LaunchScreen.xib */; };
		2A5B215E1B2B74B40099EC1C /* OnTheMapTests.swift in Sources */ = {isa = PBXBuildFile; fileRef = 2A5B215D1B2B74B40099EC1C /* OnTheMapTests.swift */; };
		2A5B21681B2B74FB0099EC1C /* AppDelegate.swift in Sources */ = {isa = PBXBuildFile; fileRef = 2A5B21671B2B74FB0099EC1C /* AppDelegate.swift */; };
		2A5B21701B2B76080099EC1C /* ListViewController.swift in Sources */ = {isa = PBXBuildFile; fileRef = 2A5B216D1B2B76080099EC1C /* ListViewController.swift */; };
		2A5B21711B2B76080099EC1C /* LoginViewController.swift in Sources */ = {isa = PBXBuildFile; fileRef = 2A5B216E1B2B76080099EC1C /* LoginViewController.swift */; };
		2A5B21721B2B76080099EC1C /* MapViewController.swift in Sources */ = {isa = PBXBuildFile; fileRef = 2A5B216F1B2B76080099EC1C /* MapViewController.swift */; };
		2A5B21741B2B760F0099EC1C /* View.swift in Sources */ = {isa = PBXBuildFile; fileRef = 2A5B21731B2B760F0099EC1C /* View.swift */; };
		2AA721BB1B2DFA4000E10369 /* SubmitLocationViewController.swift in Sources */ = {isa = PBXBuildFile; fileRef = 2AA721BA1B2DFA4000E10369 /* SubmitLocationViewController.swift */; };
		2AC8BE8B1B2CDA4300865343 /* icon-paths.txt in Resources */ = {isa = PBXBuildFile; fileRef = 2AC8BE8A1B2CDA4300865343 /* icon-paths.txt */; };
		2AC8BE8D1B2D2AAD00865343 /* MKStudentLocation.swift in Sources */ = {isa = PBXBuildFile; fileRef = 2AC8BE8C1B2D2AAD00865343 /* MKStudentLocation.swift */; };
		2ADD8AF41B2D554200233AC6 /* AddLocationViewController.swift in Sources */ = {isa = PBXBuildFile; fileRef = 2ADD8AF31B2D554200233AC6 /* AddLocationViewController.swift */; };
		2AF631CC1B2B87A900F01999 /* UdacityAPI.swift in Sources */ = {isa = PBXBuildFile; fileRef = 2AF631CB1B2B87A900F01999 /* UdacityAPI.swift */; };
		2AF631CE1B2B911600F01999 /* StudentLocation.swift in Sources */ = {isa = PBXBuildFile; fileRef = 2AF631CD1B2B911600F01999 /* StudentLocation.swift */; };
		2AF631D11B2B918100F01999 /* ParseAPI.swift in Sources */ = {isa = PBXBuildFile; fileRef = 2AF631D01B2B918100F01999 /* ParseAPI.swift */; };
		2AF631D31B2B9C6100F01999 /* HTTP.swift in Sources */ = {isa = PBXBuildFile; fileRef = 2AF631D21B2B9C6100F01999 /* HTTP.swift */; };
/* End PBXBuildFile section */

/* Begin PBXContainerItemProxy section */
		2A5B21581B2B74B40099EC1C /* PBXContainerItemProxy */ = {
			isa = PBXContainerItemProxy;
			containerPortal = 2A5B213A1B2B74B40099EC1C /* Project object */;
			proxyType = 1;
			remoteGlobalIDString = 2A5B21411B2B74B40099EC1C;
			remoteInfo = OnTheMap;
		};
/* End PBXContainerItemProxy section */

/* Begin PBXFileReference section */
		2A4CD0AE1B2C1EEE00CC6E1B /* AppNavigationBar.swift */ = {isa = PBXFileReference; fileEncoding = 4; lastKnownFileType = sourcecode.swift; path = AppNavigationBar.swift; sourceTree = "<group>"; };
		2A4CD0B01B2C246B00CC6E1B /* JSON-responses.rtf */ = {isa = PBXFileReference; fileEncoding = 4; lastKnownFileType = text.rtf; path = "JSON-responses.rtf"; sourceTree = "<group>"; };
		2A4CD0B21B2C247F00CC6E1B /* Color-specs.txt */ = {isa = PBXFileReference; fileEncoding = 4; lastKnownFileType = text; path = "Color-specs.txt"; sourceTree = SOURCE_ROOT; };
		2A4CD0B81B2CBEC800CC6E1B /* User.swift */ = {isa = PBXFileReference; fileEncoding = 4; lastKnownFileType = sourcecode.swift; path = User.swift; sourceTree = "<group>"; };
		2A5B21421B2B74B40099EC1C /* OnTheMap.app */ = {isa = PBXFileReference; explicitFileType = wrapper.application; includeInIndex = 0; path = OnTheMap.app; sourceTree = BUILT_PRODUCTS_DIR; };
		2A5B21461B2B74B40099EC1C /* Info.plist */ = {isa = PBXFileReference; lastKnownFileType = text.plist.xml; path = Info.plist; sourceTree = "<group>"; };
		2A5B214C1B2B74B40099EC1C /* Base */ = {isa = PBXFileReference; lastKnownFileType = file.storyboard; name = Base; path = Base.lproj/Main.storyboard; sourceTree = "<group>"; };
		2A5B214E1B2B74B40099EC1C /* Images.xcassets */ = {isa = PBXFileReference; lastKnownFileType = folder.assetcatalog; path = Images.xcassets; sourceTree = "<group>"; };
		2A5B21511B2B74B40099EC1C /* Base */ = {isa = PBXFileReference; lastKnownFileType = file.xib; name = Base; path = Base.lproj/LaunchScreen.xib; sourceTree = "<group>"; };
		2A5B21571B2B74B40099EC1C /* OnTheMapTests.xctest */ = {isa = PBXFileReference; explicitFileType = wrapper.cfbundle; includeInIndex = 0; path = OnTheMapTests.xctest; sourceTree = BUILT_PRODUCTS_DIR; };
		2A5B215C1B2B74B40099EC1C /* Info.plist */ = {isa = PBXFileReference; lastKnownFileType = text.plist.xml; path = Info.plist; sourceTree = "<group>"; };
		2A5B215D1B2B74B40099EC1C /* OnTheMapTests.swift */ = {isa = PBXFileReference; lastKnownFileType = sourcecode.swift; path = OnTheMapTests.swift; sourceTree = "<group>"; };
		2A5B21671B2B74FB0099EC1C /* AppDelegate.swift */ = {isa = PBXFileReference; fileEncoding = 4; lastKnownFileType = sourcecode.swift; path = AppDelegate.swift; sourceTree = "<group>"; };
		2A5B216D1B2B76080099EC1C /* ListViewController.swift */ = {isa = PBXFileReference; fileEncoding = 4; lastKnownFileType = sourcecode.swift; path = ListViewController.swift; sourceTree = "<group>"; };
		2A5B216E1B2B76080099EC1C /* LoginViewController.swift */ = {isa = PBXFileReference; fileEncoding = 4; lastKnownFileType = sourcecode.swift; path = LoginViewController.swift; sourceTree = "<group>"; };
		2A5B216F1B2B76080099EC1C /* MapViewController.swift */ = {isa = PBXFileReference; fileEncoding = 4; lastKnownFileType = sourcecode.swift; path = MapViewController.swift; sourceTree = "<group>"; };
		2A5B21731B2B760F0099EC1C /* View.swift */ = {isa = PBXFileReference; fileEncoding = 4; lastKnownFileType = sourcecode.swift; path = View.swift; sourceTree = "<group>"; };
		2AA721BA1B2DFA4000E10369 /* SubmitLocationViewController.swift */ = {isa = PBXFileReference; fileEncoding = 4; lastKnownFileType = sourcecode.swift; path = SubmitLocationViewController.swift; sourceTree = "<group>"; };
		2AC8BE8A1B2CDA4300865343 /* icon-paths.txt */ = {isa = PBXFileReference; fileEncoding = 4; lastKnownFileType = text; path = "icon-paths.txt"; sourceTree = "<group>"; };
		2AC8BE8C1B2D2AAD00865343 /* MKStudentLocation.swift */ = {isa = PBXFileReference; fileEncoding = 4; lastKnownFileType = sourcecode.swift; path = MKStudentLocation.swift; sourceTree = "<group>"; };
		2ADD8AF31B2D554200233AC6 /* AddLocationViewController.swift */ = {isa = PBXFileReference; fileEncoding = 4; lastKnownFileType = sourcecode.swift; path = AddLocationViewController.swift; sourceTree = "<group>"; };
		2AF631CB1B2B87A900F01999 /* UdacityAPI.swift */ = {isa = PBXFileReference; fileEncoding = 4; lastKnownFileType = sourcecode.swift; path = UdacityAPI.swift; sourceTree = "<group>"; };
		2AF631CD1B2B911600F01999 /* StudentLocation.swift */ = {isa = PBXFileReference; fileEncoding = 4; lastKnownFileType = sourcecode.swift; path = StudentLocation.swift; sourceTree = "<group>"; };
		2AF631D01B2B918100F01999 /* ParseAPI.swift */ = {isa = PBXFileReference; fileEncoding = 4; lastKnownFileType = sourcecode.swift; path = ParseAPI.swift; sourceTree = "<group>"; };
		2AF631D21B2B9C6100F01999 /* HTTP.swift */ = {isa = PBXFileReference; fileEncoding = 4; lastKnownFileType = sourcecode.swift; path = HTTP.swift; sourceTree = "<group>"; };
/* End PBXFileReference section */

/* Begin PBXFrameworksBuildPhase section */
		2A5B213F1B2B74B40099EC1C /* Frameworks */ = {
			isa = PBXFrameworksBuildPhase;
			buildActionMask = 2147483647;
			files = (
			);
			runOnlyForDeploymentPostprocessing = 0;
		};
		2A5B21541B2B74B40099EC1C /* Frameworks */ = {
			isa = PBXFrameworksBuildPhase;
			buildActionMask = 2147483647;
			files = (
			);
			runOnlyForDeploymentPostprocessing = 0;
		};
/* End PBXFrameworksBuildPhase section */

/* Begin PBXGroup section */
		2A4CD0B61B2CA91000CC6E1B /* Specifications */ = {
			isa = PBXGroup;
			children = (
				2A4CD0B21B2C247F00CC6E1B /* Color-specs.txt */,
				2A4CD0B01B2C246B00CC6E1B /* JSON-responses.rtf */,
			);
			name = Specifications;
			sourceTree = "<group>";
		};
		2A4CD0B71B2CA92200CC6E1B /* Images */ = {
			isa = PBXGroup;
			children = (
				2AC8BE8A1B2CDA4300865343 /* icon-paths.txt */,
				2A5B214E1B2B74B40099EC1C /* Images.xcassets */,
			);
			name = Images;
			sourceTree = "<group>";
		};
		2A5B21391B2B74B40099EC1C = {
			isa = PBXGroup;
			children = (
				2A5B21441B2B74B40099EC1C /* OnTheMap */,
				2A5B215A1B2B74B40099EC1C /* OnTheMapTests */,
				2A5B21431B2B74B40099EC1C /* Products */,
			);
			sourceTree = "<group>";
		};
		2A5B21431B2B74B40099EC1C /* Products */ = {
			isa = PBXGroup;
			children = (
				2A5B21421B2B74B40099EC1C /* OnTheMap.app */,
				2A5B21571B2B74B40099EC1C /* OnTheMapTests.xctest */,
			);
			name = Products;
			sourceTree = "<group>";
		};
		2A5B21441B2B74B40099EC1C /* OnTheMap */ = {
			isa = PBXGroup;
			children = (
				2A5B21691B2B75D50099EC1C /* API */,
				2AF631CF1B2B911A00F01999 /* Model */,
				2A5B216B1B2B75EE0099EC1C /* Controllers */,
				2A5B216C1B2B75F70099EC1C /* View */,
				2A5B214B1B2B74B40099EC1C /* Main.storyboard */,
				2A4CD0B61B2CA91000CC6E1B /* Specifications */,
				2A4CD0B71B2CA92200CC6E1B /* Images */,
				2A5B21451B2B74B40099EC1C /* Supporting Files */,
			);
			path = OnTheMap;
			sourceTree = "<group>";
		};
		2A5B21451B2B74B40099EC1C /* Supporting Files */ = {
			isa = PBXGroup;
			children = (
				2A5B21671B2B74FB0099EC1C /* AppDelegate.swift */,
				2A5B21461B2B74B40099EC1C /* Info.plist */,
				2A5B21501B2B74B40099EC1C /* LaunchScreen.xib */,
			);
			name = "Supporting Files";
			sourceTree = "<group>";
		};
		2A5B215A1B2B74B40099EC1C /* OnTheMapTests */ = {
			isa = PBXGroup;
			children = (
				2A5B215D1B2B74B40099EC1C /* OnTheMapTests.swift */,
				2A5B215B1B2B74B40099EC1C /* Supporting Files */,
			);
			path = OnTheMapTests;
			sourceTree = "<group>";
		};
		2A5B215B1B2B74B40099EC1C /* Supporting Files */ = {
			isa = PBXGroup;
			children = (
				2A5B215C1B2B74B40099EC1C /* Info.plist */,
			);
			name = "Supporting Files";
			sourceTree = "<group>";
		};
		2A5B21691B2B75D50099EC1C /* API */ = {
			isa = PBXGroup;
			children = (
				2AF631D21B2B9C6100F01999 /* HTTP.swift */,
				2AF631CB1B2B87A900F01999 /* UdacityAPI.swift */,
				2AF631D01B2B918100F01999 /* ParseAPI.swift */,
			);
			name = API;
			sourceTree = "<group>";
		};
		2A5B216B1B2B75EE0099EC1C /* Controllers */ = {
			isa = PBXGroup;
			children = (
				2A5B216E1B2B76080099EC1C /* LoginViewController.swift */,
				2A5B216F1B2B76080099EC1C /* MapViewController.swift */,
				2A5B216D1B2B76080099EC1C /* ListViewController.swift */,
				2ADD8AF31B2D554200233AC6 /* AddLocationViewController.swift */,
				2AA721BA1B2DFA4000E10369 /* SubmitLocationViewController.swift */,
			);
			name = Controllers;
			sourceTree = "<group>";
		};
		2A5B216C1B2B75F70099EC1C /* View */ = {
			isa = PBXGroup;
			children = (
				2A5B21731B2B760F0099EC1C /* View.swift */,
				2A4CD0AE1B2C1EEE00CC6E1B /* AppNavigationBar.swift */,
			);
			name = View;
			sourceTree = "<group>";
		};
		2AF631CF1B2B911A00F01999 /* Model */ = {
			isa = PBXGroup;
			children = (
				2A4CD0B81B2CBEC800CC6E1B /* User.swift */,
				2AF631CD1B2B911600F01999 /* StudentLocation.swift */,
				2AC8BE8C1B2D2AAD00865343 /* MKStudentLocation.swift */,
			);
			name = Model;
			sourceTree = "<group>";
		};
/* End PBXGroup section */

/* Begin PBXNativeTarget section */
		2A5B21411B2B74B40099EC1C /* OnTheMap */ = {
			isa = PBXNativeTarget;
			buildConfigurationList = 2A5B21611B2B74B40099EC1C /* Build configuration list for PBXNativeTarget "OnTheMap" */;
			buildPhases = (
				2A5B213E1B2B74B40099EC1C /* Sources */,
				2A5B213F1B2B74B40099EC1C /* Frameworks */,
				2A5B21401B2B74B40099EC1C /* Resources */,
			);
			buildRules = (
			);
			dependencies = (
			);
			name = OnTheMap;
			productName = OnTheMap;
			productReference = 2A5B21421B2B74B40099EC1C /* OnTheMap.app */;
			productType = "com.apple.product-type.application";
		};
		2A5B21561B2B74B40099EC1C /* OnTheMapTests */ = {
			isa = PBXNativeTarget;
			buildConfigurationList = 2A5B21641B2B74B40099EC1C /* Build configuration list for PBXNativeTarget "OnTheMapTests" */;
			buildPhases = (
				2A5B21531B2B74B40099EC1C /* Sources */,
				2A5B21541B2B74B40099EC1C /* Frameworks */,
				2A5B21551B2B74B40099EC1C /* Resources */,
			);
			buildRules = (
			);
			dependencies = (
				2A5B21591B2B74B40099EC1C /* PBXTargetDependency */,
			);
			name = OnTheMapTests;
			productName = OnTheMapTests;
			productReference = 2A5B21571B2B74B40099EC1C /* OnTheMapTests.xctest */;
			productType = "com.apple.product-type.bundle.unit-test";
		};
/* End PBXNativeTarget section */

/* Begin PBXProject section */
		2A5B213A1B2B74B40099EC1C /* Project object */ = {
			isa = PBXProject;
			attributes = {
				LastUpgradeCheck = 0630;
				ORGANIZATIONNAME = "Oleksandr Iaroshenko";
				TargetAttributes = {
					2A5B21411B2B74B40099EC1C = {
						CreatedOnToolsVersion = 6.3.2;
					};
					2A5B21561B2B74B40099EC1C = {
						CreatedOnToolsVersion = 6.3.2;
						TestTargetID = 2A5B21411B2B74B40099EC1C;
					};
				};
			};
			buildConfigurationList = 2A5B213D1B2B74B40099EC1C /* Build configuration list for PBXProject "OnTheMap" */;
			compatibilityVersion = "Xcode 3.2";
			developmentRegion = English;
			hasScannedForEncodings = 0;
			knownRegions = (
				en,
				Base,
			);
			mainGroup = 2A5B21391B2B74B40099EC1C;
			productRefGroup = 2A5B21431B2B74B40099EC1C /* Products */;
			projectDirPath = "";
			projectRoot = "";
			targets = (
				2A5B21411B2B74B40099EC1C /* OnTheMap */,
				2A5B21561B2B74B40099EC1C /* OnTheMapTests */,
			);
		};
/* End PBXProject section */

/* Begin PBXResourcesBuildPhase section */
		2A5B21401B2B74B40099EC1C /* Resources */ = {
			isa = PBXResourcesBuildPhase;
			buildActionMask = 2147483647;
			files = (
				2A4CD0B31B2C247F00CC6E1B /* Color-specs.txt in Resources */,
				2A5B214D1B2B74B40099EC1C /* Main.storyboard in Resources */,
				2AC8BE8B1B2CDA4300865343 /* icon-paths.txt in Resources */,
				2A4CD0B11B2C246B00CC6E1B /* JSON-responses.rtf in Resources */,
				2A5B21521B2B74B40099EC1C /* LaunchScreen.xib in Resources */,
				2A5B214F1B2B74B40099EC1C /* Images.xcassets in Resources */,
			);
			runOnlyForDeploymentPostprocessing = 0;
		};
		2A5B21551B2B74B40099EC1C /* Resources */ = {
			isa = PBXResourcesBuildPhase;
			buildActionMask = 2147483647;
			files = (
			);
			runOnlyForDeploymentPostprocessing = 0;
		};
/* End PBXResourcesBuildPhase section */

/* Begin PBXSourcesBuildPhase section */
		2A5B213E1B2B74B40099EC1C /* Sources */ = {
			isa = PBXSourcesBuildPhase;
			buildActionMask = 2147483647;
			files = (
				2A5B21711B2B76080099EC1C /* LoginViewController.swift in Sources */,
				2AF631D31B2B9C6100F01999 /* HTTP.swift in Sources */,
				2AC8BE8D1B2D2AAD00865343 /* MKStudentLocation.swift in Sources */,
				2AF631CC1B2B87A900F01999 /* UdacityAPI.swift in Sources */,
				2ADD8AF41B2D554200233AC6 /* AddLocationViewController.swift in Sources */,
				2A4CD0AF1B2C1EEE00CC6E1B /* AppNavigationBar.swift in Sources */,
				2A5B21701B2B76080099EC1C /* ListViewController.swift in Sources */,
				2AF631D11B2B918100F01999 /* ParseAPI.swift in Sources */,
				2A5B21741B2B760F0099EC1C /* View.swift in Sources */,
				2AA721BB1B2DFA4000E10369 /* SubmitLocationViewController.swift in Sources */,
				2A5B21681B2B74FB0099EC1C /* AppDelegate.swift in Sources */,
				2AF631CE1B2B911600F01999 /* StudentLocation.swift in Sources */,
				2A5B21721B2B76080099EC1C /* MapViewController.swift in Sources */,
				2A4CD0B91B2CBEC800CC6E1B /* User.swift in Sources */,
			);
			runOnlyForDeploymentPostprocessing = 0;
		};
		2A5B21531B2B74B40099EC1C /* Sources */ = {
			isa = PBXSourcesBuildPhase;
			buildActionMask = 2147483647;
			files = (
				2A5B215E1B2B74B40099EC1C /* OnTheMapTests.swift in Sources */,
			);
			runOnlyForDeploymentPostprocessing = 0;
		};
/* End PBXSourcesBuildPhase section */

/* Begin PBXTargetDependency section */
		2A5B21591B2B74B40099EC1C /* PBXTargetDependency */ = {
			isa = PBXTargetDependency;
			target = 2A5B21411B2B74B40099EC1C /* OnTheMap */;
			targetProxy = 2A5B21581B2B74B40099EC1C /* PBXContainerItemProxy */;
		};
/* End PBXTargetDependency section */

/* Begin PBXVariantGroup section */
		2A5B214B1B2B74B40099EC1C /* Main.storyboard */ = {
			isa = PBXVariantGroup;
			children = (
				2A5B214C1B2B74B40099EC1C /* Base */,
			);
			name = Main.storyboard;
			sourceTree = "<group>";
		};
		2A5B21501B2B74B40099EC1C /* LaunchScreen.xib */ = {
			isa = PBXVariantGroup;
			children = (
				2A5B21511B2B74B40099EC1C /* Base */,
			);
			name = LaunchScreen.xib;
			sourceTree = "<group>";
		};
/* End PBXVariantGroup section */

/* Begin XCBuildConfiguration section */
		2A5B215F1B2B74B40099EC1C /* Debug */ = {
			isa = XCBuildConfiguration;
			buildSettings = {
				ALWAYS_SEARCH_USER_PATHS = NO;
				CLANG_CXX_LANGUAGE_STANDARD = "gnu++0x";
				CLANG_CXX_LIBRARY = "libc++";
				CLANG_ENABLE_MODULES = YES;
				CLANG_ENABLE_OBJC_ARC = YES;
				CLANG_WARN_BOOL_CONVERSION = YES;
				CLANG_WARN_CONSTANT_CONVERSION = YES;
				CLANG_WARN_DIRECT_OBJC_ISA_USAGE = YES_ERROR;
				CLANG_WARN_EMPTY_BODY = YES;
				CLANG_WARN_ENUM_CONVERSION = YES;
				CLANG_WARN_INT_CONVERSION = YES;
				CLANG_WARN_OBJC_ROOT_CLASS = YES_ERROR;
				CLANG_WARN_UNREACHABLE_CODE = YES;
				CLANG_WARN__DUPLICATE_METHOD_MATCH = YES;
				"CODE_SIGN_IDENTITY[sdk=iphoneos*]" = "iPhone Developer";
				COPY_PHASE_STRIP = NO;
				DEBUG_INFORMATION_FORMAT = "dwarf-with-dsym";
				ENABLE_STRICT_OBJC_MSGSEND = YES;
				GCC_C_LANGUAGE_STANDARD = gnu99;
				GCC_DYNAMIC_NO_PIC = NO;
				GCC_NO_COMMON_BLOCKS = YES;
				GCC_OPTIMIZATION_LEVEL = 0;
				GCC_PREPROCESSOR_DEFINITIONS = (
					"DEBUG=1",
					"$(inherited)",
				);
				GCC_SYMBOLS_PRIVATE_EXTERN = NO;
				GCC_WARN_64_TO_32_BIT_CONVERSION = YES;
				GCC_WARN_ABOUT_RETURN_TYPE = YES_ERROR;
				GCC_WARN_UNDECLARED_SELECTOR = YES;
				GCC_WARN_UNINITIALIZED_AUTOS = YES_AGGRESSIVE;
				GCC_WARN_UNUSED_FUNCTION = YES;
				GCC_WARN_UNUSED_VARIABLE = YES;
				IPHONEOS_DEPLOYMENT_TARGET = 8.3;
				MTL_ENABLE_DEBUG_INFO = YES;
				ONLY_ACTIVE_ARCH = YES;
				SDKROOT = iphoneos;
				SWIFT_OPTIMIZATION_LEVEL = "-Onone";
				TARGETED_DEVICE_FAMILY = "1,2";
			};
			name = Debug;
		};
		2A5B21601B2B74B40099EC1C /* Release */ = {
			isa = XCBuildConfiguration;
			buildSettings = {
				ALWAYS_SEARCH_USER_PATHS = NO;
				CLANG_CXX_LANGUAGE_STANDARD = "gnu++0x";
				CLANG_CXX_LIBRARY = "libc++";
				CLANG_ENABLE_MODULES = YES;
				CLANG_ENABLE_OBJC_ARC = YES;
				CLANG_WARN_BOOL_CONVERSION = YES;
				CLANG_WARN_CONSTANT_CONVERSION = YES;
				CLANG_WARN_DIRECT_OBJC_ISA_USAGE = YES_ERROR;
				CLANG_WARN_EMPTY_BODY = YES;
				CLANG_WARN_ENUM_CONVERSION = YES;
				CLANG_WARN_INT_CONVERSION = YES;
				CLANG_WARN_OBJC_ROOT_CLASS = YES_ERROR;
				CLANG_WARN_UNREACHABLE_CODE = YES;
				CLANG_WARN__DUPLICATE_METHOD_MATCH = YES;
				"CODE_SIGN_IDENTITY[sdk=iphoneos*]" = "iPhone Developer";
				COPY_PHASE_STRIP = NO;
				DEBUG_INFORMATION_FORMAT = "dwarf-with-dsym";
				ENABLE_NS_ASSERTIONS = NO;
				ENABLE_STRICT_OBJC_MSGSEND = YES;
				GCC_C_LANGUAGE_STANDARD = gnu99;
				GCC_NO_COMMON_BLOCKS = YES;
				GCC_WARN_64_TO_32_BIT_CONVERSION = YES;
				GCC_WARN_ABOUT_RETURN_TYPE = YES_ERROR;
				GCC_WARN_UNDECLARED_SELECTOR = YES;
				GCC_WARN_UNINITIALIZED_AUTOS = YES_AGGRESSIVE;
				GCC_WARN_UNUSED_FUNCTION = YES;
				GCC_WARN_UNUSED_VARIABLE = YES;
				IPHONEOS_DEPLOYMENT_TARGET = 8.3;
				MTL_ENABLE_DEBUG_INFO = NO;
				SDKROOT = iphoneos;
				TARGETED_DEVICE_FAMILY = "1,2";
				VALIDATE_PRODUCT = YES;
			};
			name = Release;
		};
		2A5B21621B2B74B40099EC1C /* Debug */ = {
			isa = XCBuildConfiguration;
			buildSettings = {
				ASSETCATALOG_COMPILER_APPICON_NAME = AppIcon;
				INFOPLIST_FILE = OnTheMap/Info.plist;
				LD_RUNPATH_SEARCH_PATHS = "$(inherited) @executable_path/Frameworks";
				PRODUCT_NAME = "$(TARGET_NAME)";
			};
			name = Debug;
		};
		2A5B21631B2B74B40099EC1C /* Release */ = {
			isa = XCBuildConfiguration;
			buildSettings = {
				ASSETCATALOG_COMPILER_APPICON_NAME = AppIcon;
				INFOPLIST_FILE = OnTheMap/Info.plist;
				LD_RUNPATH_SEARCH_PATHS = "$(inherited) @executable_path/Frameworks";
				PRODUCT_NAME = "$(TARGET_NAME)";
			};
			name = Release;
		};
		2A5B21651B2B74B40099EC1C /* Debug */ = {
			isa = XCBuildConfiguration;
			buildSettings = {
				BUNDLE_LOADER = "$(TEST_HOST)";
				FRAMEWORK_SEARCH_PATHS = (
					"$(SDKROOT)/Developer/Library/Frameworks",
					"$(inherited)",
				);
				GCC_PREPROCESSOR_DEFINITIONS = (
					"DEBUG=1",
					"$(inherited)",
				);
				INFOPLIST_FILE = OnTheMapTests/Info.plist;
				LD_RUNPATH_SEARCH_PATHS = "$(inherited) @executable_path/Frameworks @loader_path/Frameworks";
				PRODUCT_NAME = "$(TARGET_NAME)";
				TEST_HOST = "$(BUILT_PRODUCTS_DIR)/OnTheMap.app/OnTheMap";
			};
			name = Debug;
		};
		2A5B21661B2B74B40099EC1C /* Release */ = {
			isa = XCBuildConfiguration;
			buildSettings = {
				BUNDLE_LOADER = "$(TEST_HOST)";
				FRAMEWORK_SEARCH_PATHS = (
					"$(SDKROOT)/Developer/Library/Frameworks",
					"$(inherited)",
				);
				INFOPLIST_FILE = OnTheMapTests/Info.plist;
				LD_RUNPATH_SEARCH_PATHS = "$(inherited) @executable_path/Frameworks @loader_path/Frameworks";
				PRODUCT_NAME = "$(TARGET_NAME)";
				TEST_HOST = "$(BUILT_PRODUCTS_DIR)/OnTheMap.app/OnTheMap";
			};
			name = Release;
		};
/* End XCBuildConfiguration section */

/* Begin XCConfigurationList section */
		2A5B213D1B2B74B40099EC1C /* Build configuration list for PBXProject "OnTheMap" */ = {
			isa = XCConfigurationList;
			buildConfigurations = (
				2A5B215F1B2B74B40099EC1C /* Debug */,
				2A5B21601B2B74B40099EC1C /* Release */,
			);
			defaultConfigurationIsVisible = 0;
			defaultConfigurationName = Release;
		};
		2A5B21611B2B74B40099EC1C /* Build configuration list for PBXNativeTarget "OnTheMap" */ = {
			isa = XCConfigurationList;
			buildConfigurations = (
				2A5B21621B2B74B40099EC1C /* Debug */,
				2A5B21631B2B74B40099EC1C /* Release */,
			);
			defaultConfigurationIsVisible = 0;
			defaultConfigurationName = Release;
		};
		2A5B21641B2B74B40099EC1C /* Build configuration list for PBXNativeTarget "OnTheMapTests" */ = {
			isa = XCConfigurationList;
			buildConfigurations = (
				2A5B21651B2B74B40099EC1C /* Debug */,
				2A5B21661B2B74B40099EC1C /* Release */,
			);
			defaultConfigurationIsVisible = 0;
			defaultConfigurationName = Release;
		};
/* End XCConfigurationList section */
	};
	rootObject = 2A5B213A1B2B74B40099EC1C /* Project object */;
}
